{
  "lockfileVersion": 2,
  "configVersion": 1,
  "workspaces": {
    "": {
      "name": "sendkit-workspace",
      "dependencies": {
        "zod": "^4.6.5",
      },
      "devDependencies": {
        "@types/node": "^26.6.3",
      },
    },
    "packages/cli": {
      "name": "sendkit",
      "version": "0.0.0",
      "dependencies": {
        "commander": "^15.0.0",
        "sendkit-core": "workspace:*",
      },
      "devDependencies": {
        "@types/node": "^26.6.3",
      },
    },
    "packages/core": {
      "name": "sendkit-core",
      "version": "0.0.0",
      "dependencies": {
        "zod": "^4.6.5",
      },
    },
  },
  "packages": {
    "@types/node": ["@types/node@26.6.3", "", { "dependencies": { "undici-types": "~8.9.0" } }, "sha512-dsqMQQoeTLqu9wynDD00q573mNzso3IdQOAfHRJqLCcmCFPoGo9A1bDpUcv/9tnKpErQWv9uKeGfl37EIS02Yg=="],

    "commander": ["commander@15.0.0", "", {}, "sha512-z67u4ZhzCL/Tydu1lJARtEZYWbWaN7oYLHbsuzocr6y4N6WZAagG3RQ4FW61V1/0+jImpj293XfrcYnd1qxtPg=="],

    "sendkit": ["sendkit@workspace:packages/cli"],

    "sendkit-core": ["sendkit-core@workspace:packages/core"],

    "undici-types": ["undici-types@8.9.0", "", {}, "sha512-KTDyRTYX8sWmKXAikPHHSyc63CRPETMctyjKFupcC6OBLXT3xsN0e9aF7m+mIXutFWpUXuedtowG7iLOzp0kQg=="],

    "zod": ["zod@4.6.5", "", {}, "sha512-v5l/aFXZQeai4awLbOpSoHecE9UiMrnfx75tEXLjNonXVARxQ5mOeipTjROUchszUNCqnE+hqAMujRsRHsut2Q=="],
  }
}
